// !$*UTF8*$!
{
	archiveVersion = 1;
	classes = {
	};
	objectVersion = 50;
	objects = {

/* Begin PBXBuildFile section */
		23816BEC26189FE4006CDC73 /* AppDelegate.swift in Sources */ = {isa = PBXBuildFile; fileRef = 23816BEB26189FE4006CDC73 /* AppDelegate.swift */; };
		23816BEE26189FE4006CDC73 /* SceneDelegate.swift in Sources */ = {isa = PBXBuildFile; fileRef = 23816BED26189FE4006CDC73 /* SceneDelegate.swift */; };
		23816BF326189FE4006CDC73 /* Main.storyboard in Resources */ = {isa = PBXBuildFile; fileRef = 23816BF126189FE4006CDC73 /* Main.storyboard */; };
		23816BF526189FE7006CDC73 /* Assets.xcassets in Resources */ = {isa = PBXBuildFile; fileRef = 23816BF426189FE7006CDC73 /* Assets.xcassets */; };
		23816BF826189FE7006CDC73 /* LaunchScreen.storyboard in Resources */ = {isa = PBXBuildFile; fileRef = 23816BF626189FE7006CDC73 /* LaunchScreen.storyboard */; };
		23816C052618A68D006CDC73 /* UserResponse.swift in Sources */ = {isa = PBXBuildFile; fileRef = 23816C042618A68D006CDC73 /* UserResponse.swift */; };
		23816C092618D8D1006CDC73 /* ApiManager.swift in Sources */ = {isa = PBXBuildFile; fileRef = 23816C082618D8D1006CDC73 /* ApiManager.swift */; };
		23816C0C2618D8EA006CDC73 /* NetworkManager.swift in Sources */ = {isa = PBXBuildFile; fileRef = 23816C0B2618D8EA006CDC73 /* NetworkManager.swift */; };
		23816C102618EAD9006CDC73 /* ViewController.swift in Sources */ = {isa = PBXBuildFile; fileRef = 23816C0F2618EAD9006CDC73 /* ViewController.swift */; };
		23816C142619153A006CDC73 /* UserCell.swift in Sources */ = {isa = PBXBuildFile; fileRef = 23816C1326191539006CDC73 /* UserCell.swift */; };
		23816C17261BD285006CDC73 /* DescriptionViewController.swift in Sources */ = {isa = PBXBuildFile; fileRef = 23816C16261BD282006CDC73 /* DescriptionViewController.swift */; };
/* End PBXBuildFile section */

/* Begin PBXFileReference section */
		23816BE826189FE4006CDC73 /* RandomUserGenerator.app */ = {isa = PBXFileReference; explicitFileType = wrapper.application; includeInIndex = 0; path = RandomUserGenerator.app; sourceTree = BUILT_PRODUCTS_DIR; };
		23816BEB26189FE4006CDC73 /* AppDelegate.swift */ = {isa = PBXFileReference; lastKnownFileType = sourcecode.swift; path = AppDelegate.swift; sourceTree = "<group>"; };
		23816BED26189FE4006CDC73 /* SceneDelegate.swift */ = {isa = PBXFileReference; lastKnownFileType = sourcecode.swift; path = SceneDelegate.swift; sourceTree = "<group>"; };
		23816BF226189FE4006CDC73 /* Base */ = {isa = PBXFileReference; lastKnownFileType = file.storyboard; name = Base; path = Base.lproj/Main.storyboard; sourceTree = "<group>"; };
		23816BF426189FE7006CDC73 /* Assets.xcassets */ = {isa = PBXFileReference; lastKnownFileType = folder.assetcatalog; path = Assets.xcassets; sourceTree = "<group>"; };
		23816BF726189FE7006CDC73 /* Base */ = {isa = PBXFileReference; lastKnownFileType = file.storyboard; name = Base; path = Base.lproj/LaunchScreen.storyboard; sourceTree = "<group>"; };
		23816BF926189FE7006CDC73 /* Info.plist */ = {isa = PBXFileReference; lastKnownFileType = text.plist.xml; path = Info.plist; sourceTree = "<group>"; };
		23816C042618A68D006CDC73 /* UserResponse.swift */ = {isa = PBXFileReference; lastKnownFileType = sourcecode.swift; path = UserResponse.swift; sourceTree = "<group>"; };
		23816C082618D8D1006CDC73 /* ApiManager.swift */ = {isa = PBXFileReference; lastKnownFileType = sourcecode.swift; path = ApiManager.swift; sourceTree = "<group>"; };
		23816C0B2618D8EA006CDC73 /* NetworkManager.swift */ = {isa = PBXFileReference; lastKnownFileType = sourcecode.swift; path = NetworkManager.swift; sourceTree = "<group>"; };
		23816C0F2618EAD9006CDC73 /* ViewController.swift */ = {isa = PBXFileReference; lastKnownFileType = sourcecode.swift; path = ViewController.swift; sourceTree = "<group>"; };
		23816C1326191539006CDC73 /* UserCell.swift */ = {isa = PBXFileReference; lastKnownFileType = sourcecode.swift; path = UserCell.swift; sourceTree = "<group>"; };
		23816C16261BD282006CDC73 /* DescriptionViewController.swift */ = {isa = PBXFileReference; lastKnownFileType = sourcecode.swift; path = DescriptionViewController.swift; sourceTree = "<group>"; };
/* End PBXFileReference section */

/* Begin PBXFrameworksBuildPhase section */
		23816BE526189FE4006CDC73 /* Frameworks */ = {
			isa = PBXFrameworksBuildPhase;
			buildActionMask = 2147483647;
			files = (
			);
			runOnlyForDeploymentPostprocessing = 0;
		};
/* End PBXFrameworksBuildPhase section */

/* Begin PBXGroup section */
		23816BDF26189FE4006CDC73 = {
			isa = PBXGroup;
			children = (
				23816BEA26189FE4006CDC73 /* RandomUserGenerator */,
				23816BE926189FE4006CDC73 /* Products */,
			);
			sourceTree = "<group>";
		};
		23816BE926189FE4006CDC73 /* Products */ = {
			isa = PBXGroup;
			children = (
				23816BE826189FE4006CDC73 /* RandomUserGenerator.app */,
			);
			name = Products;
			sourceTree = "<group>";
		};
		23816BEA26189FE4006CDC73 /* RandomUserGenerator */ = {
			isa = PBXGroup;
			children = (
				23816C012618A60E006CDC73 /* Model */,
				23816C032618A626006CDC73 /* View */,
				23816C022618A615006CDC73 /* Controller */,
				23816BEB26189FE4006CDC73 /* AppDelegate.swift */,
				23816BED26189FE4006CDC73 /* SceneDelegate.swift */,
				23816BF426189FE7006CDC73 /* Assets.xcassets */,
				23816BF626189FE7006CDC73 /* LaunchScreen.storyboard */,
				23816BF926189FE7006CDC73 /* Info.plist */,
			);
			path = RandomUserGenerator;
			sourceTree = "<group>";
		};
		23816C012618A60E006CDC73 /* Model */ = {
			isa = PBXGroup;
			children = (
				23816C042618A68D006CDC73 /* UserResponse.swift */,
				23816C082618D8D1006CDC73 /* ApiManager.swift */,
				23816C0B2618D8EA006CDC73 /* NetworkManager.swift */,
			);
			path = Model;
			sourceTree = "<group>";
		};
		23816C022618A615006CDC73 /* Controller */ = {
			isa = PBXGroup;
			children = (
				23816C0F2618EAD9006CDC73 /* ViewController.swift */,
				23816C16261BD282006CDC73 /* DescriptionViewController.swift */,
				23816C1326191539006CDC73 /* UserCell.swift */,
			);
			path = Controller;
			sourceTree = "<group>";
		};
		23816C032618A626006CDC73 /* View */ = {
			isa = PBXGroup;
			children = (
				23816BF126189FE4006CDC73 /* Main.storyboard */,
			);
			path = View;
			sourceTree = "<group>";
		};
/* End PBXGroup section */

/* Begin PBXNativeTarget section */
		23816BE726189FE4006CDC73 /* RandomUserGenerator */ = {
			isa = PBXNativeTarget;
			buildConfigurationList = 23816BFC26189FE7006CDC73 /* Build configuration list for PBXNativeTarget "RandomUserGenerator" */;
			buildPhases = (
				23816BE426189FE4006CDC73 /* Sources */,
				23816BE526189FE4006CDC73 /* Frameworks */,
				23816BE626189FE4006CDC73 /* Resources */,
			);
			buildRules = (
			);
			dependencies = (
			);
			name = RandomUserGenerator;
			productName = RandomUserGenerator;
			productReference = 23816BE826189FE4006CDC73 /* RandomUserGenerator.app */;
			productType = "com.apple.product-type.application";
		};
/* End PBXNativeTarget section */

/* Begin PBXProject section */
		23816BE026189FE4006CDC73 /* Project object */ = {
			isa = PBXProject;
			attributes = {
				LastSwiftUpdateCheck = 1240;
				LastUpgradeCheck = 1240;
				TargetAttributes = {
					23816BE726189FE4006CDC73 = {
						CreatedOnToolsVersion = 12.4;
					};
				};
			};
			buildConfigurationList = 23816BE326189FE4006CDC73 /* Build configuration list for PBXProject "RandomUserGenerator" */;
			compatibilityVersion = "Xcode 9.3";
			developmentRegion = en;
			hasScannedForEncodings = 0;
			knownRegions = (
				en,
				Base,
			);
			mainGroup = 23816BDF26189FE4006CDC73;
			productRefGroup = 23816BE926189FE4006CDC73 /* Products */;
			projectDirPath = "";
			projectRoot = "";
			targets = (
				23816BE726189FE4006CDC73 /* RandomUserGenerator */,
			);
		};
/* End PBXProject section */

/* Begin PBXResourcesBuildPhase section */
		23816BE626189FE4006CDC73 /* Resources */ = {
			isa = PBXResourcesBuildPhase;
			buildActionMask = 2147483647;
			files = (
				23816BF826189FE7006CDC73 /* LaunchScreen.storyboard in Resources */,
				23816BF526189FE7006CDC73 /* Assets.xcassets in Resources */,
				23816BF326189FE4006CDC73 /* Main.storyboard in Resources */,
			);
			runOnlyForDeploymentPostprocessing = 0;
		};
/* End PBXResourcesBuildPhase section */

/* Begin PBXSourcesBuildPhase section */
		23816BE426189FE4006CDC73 /* Sources */ = {
			isa = PBXSourcesBuildPhase;
			buildActionMask = 2147483647;
			files = (
				23816C102618EAD9006CDC73 /* ViewController.swift in Sources */,
				23816C0C2618D8EA006CDC73 /* NetworkManager.swift in Sources */,
				23816C052618A68D006CDC73 /* UserResponse.swift in Sources */,
				23816C092618D8D1006CDC73 /* ApiManager.swift in Sources */,
				23816BEC26189FE4006CDC73 /* AppDelegate.swift in Sources */,
				23816C17261BD285006CDC73 /* DescriptionViewController.swift in Sources */,
				23816BEE26189FE4006CDC73 /* SceneDelegate.swift in Sources */,
				23816C142619153A006CDC73 /* UserCell.swift in Sources */,
			);
			runOnlyForDeploymentPostprocessing = 0;
		};
/* End PBXSourcesBuildPhase section */

/* Begin PBXVariantGroup section */
		23816BF126189FE4006CDC73 /* Main.storyboard */ = {
			isa = PBXVariantGroup;
			children = (
				23816BF226189FE4006CDC73 /* Base */,
			);
			name = Main.storyboard;
			sourceTree = "<group>";
		};
		23816BF626189FE7006CDC73 /* LaunchScreen.storyboard */ = {
			isa = PBXVariantGroup;
			children = (
				23816BF726189FE7006CDC73 /* Base */,
			);
			name = LaunchScreen.storyboard;
			sourceTree = "<group>";
		};
/* End PBXVariantGroup section */

/* Begin XCBuildConfiguration section */
		23816BFA26189FE7006CDC73 /* Debug */ = {
			isa = XCBuildConfiguration;
			buildSettings = {
				ALWAYS_SEARCH_USER_PATHS = NO;
				CLANG_ANALYZER_NONNULL = YES;
				CLANG_ANALYZER_NUMBER_OBJECT_CONVERSION = YES_AGGRESSIVE;
				CLANG_CXX_LANGUAGE_STANDARD = "gnu++14";
				CLANG_CXX_LIBRARY = "libc++";
				CLANG_ENABLE_MODULES = YES;
				CLANG_ENABLE_OBJC_ARC = YES;
				CLANG_ENABLE_OBJC_WEAK = YES;
				CLANG_WARN_BLOCK_CAPTURE_AUTORELEASING = YES;
				CLANG_WARN_BOOL_CONVERSION = YES;
				CLANG_WARN_COMMA = YES;
				CLANG_WARN_CONSTANT_CONVERSION = YES;
				CLANG_WARN_DEPRECATED_OBJC_IMPLEMENTATIONS = YES;
				CLANG_WARN_DIRECT_OBJC_ISA_USAGE = YES_ERROR;
				CLANG_WARN_DOCUMENTATION_COMMENTS = YES;
				CLANG_WARN_EMPTY_BODY = YES;
				CLANG_WARN_ENUM_CONVERSION = YES;
				CLANG_WARN_INFINITE_RECURSION = YES;
				CLANG_WARN_INT_CONVERSION = YES;
				CLANG_WARN_NON_LITERAL_NULL_CONVERSION = YES;
				CLANG_WARN_OBJC_IMPLICIT_RETAIN_SELF = YES;
				CLANG_WARN_OBJC_LITERAL_CONVERSION = YES;
				CLANG_WARN_OBJC_ROOT_CLASS = YES_ERROR;
				CLANG_WARN_QUOTED_INCLUDE_IN_FRAMEWORK_HEADER = YES;
				CLANG_WARN_RANGE_LOOP_ANALYSIS = YES;
				CLANG_WARN_STRICT_PROTOTYPES = YES;
				CLANG_WARN_SUSPICIOUS_MOVE = YES;
				CLANG_WARN_UNGUARDED_AVAILABILITY = YES_AGGRESSIVE;
				CLANG_WARN_UNREACHABLE_CODE = YES;
				CLANG_WARN__DUPLICATE_METHOD_MATCH = YES;
				COPY_PHASE_STRIP = NO;
				DEBUG_INFORMATION_FORMAT = dwarf;
				ENABLE_STRICT_OBJC_MSGSEND = YES;
				ENABLE_TESTABILITY = YES;
				GCC_C_LANGUAGE_STANDARD = gnu11;
				GCC_DYNAMIC_NO_PIC = NO;
				GCC_NO_COMMON_BLOCKS = YES;
				GCC_OPTIMIZATION_LEVEL = 0;
				GCC_PREPROCESSOR_DEFINITIONS = (
					"DEBUG=1",
					"$(inherited)",
				);
				GCC_WARN_64_TO_32_BIT_CONVERSION = YES;
				GCC_WARN_ABOUT_RETURN_TYPE = YES_ERROR;
				GCC_WARN_UNDECLARED_SELECTOR = YES;
				GCC_WARN_UNINITIALIZED_AUTOS = YES_AGGRESSIVE;
				GCC_WARN_UNUSED_FUNCTION = YES;
				GCC_WARN_UNUSED_VARIABLE = YES;
				IPHONEOS_DEPLOYMENT_TARGET = 14.4;
				MTL_ENABLE_DEBUG_INFO = INCLUDE_SOURCE;
				MTL_FAST_MATH = YES;
				ONLY_ACTIVE_ARCH = YES;
				SDKROOT = iphoneos;
				SWIFT_ACTIVE_COMPILATION_CONDITIONS = DEBUG;
				SWIFT_OPTIMIZATION_LEVEL = "-Onone";
			};
			name = Debug;
		};
		23816BFB26189FE7006CDC73 /* Release */ = {
			isa = XCBuildConfiguration;
			buildSettings = {
				ALWAYS_SEARCH_USER_PATHS = NO;
				CLANG_ANALYZER_NONNULL = YES;
				CLANG_ANALYZER_NUMBER_OBJECT_CONVERSION = YES_AGGRESSIVE;
				CLANG_CXX_LANGUAGE_STANDARD = "gnu++14";
				CLANG_CXX_LIBRARY = "libc++";
				CLANG_ENABLE_MODULES = YES;
				CLANG_ENABLE_OBJC_ARC = YES;
				CLANG_ENABLE_OBJC_WEAK = YES;
				CLANG_WARN_BLOCK_CAPTURE_AUTORELEASING = YES;
				CLANG_WARN_BOOL_CONVERSION = YES;
				CLANG_WARN_COMMA = YES;
				CLANG_WARN_CONSTANT_CONVERSION = YES;
				CLANG_WARN_DEPRECATED_OBJC_IMPLEMENTATIONS = YES;
				CLANG_WARN_DIRECT_OBJC_ISA_USAGE = YES_ERROR;
				CLANG_WARN_DOCUMENTATION_COMMENTS = YES;
				CLANG_WARN_EMPTY_BODY = YES;
				CLANG_WARN_ENUM_CONVERSION = YES;
				CLANG_WARN_INFINITE_RECURSION = YES;
				CLANG_WARN_INT_CONVERSION = YES;
				CLANG_WARN_NON_LITERAL_NULL_CONVERSION = YES;
				CLANG_WARN_OBJC_IMPLICIT_RETAIN_SELF = YES;
				CLANG_WARN_OBJC_LITERAL_CONVERSION = YES;
				CLANG_WARN_OBJC_ROOT_CLASS = YES_ERROR;
				CLANG_WARN_QUOTED_INCLUDE_IN_FRAMEWORK_HEADER = YES;
				CLANG_WARN_RANGE_LOOP_ANALYSIS = YES;
				CLANG_WARN_STRICT_PROTOTYPES = YES;
				CLANG_WARN_SUSPICIOUS_MOVE = YES;
				CLANG_WARN_UNGUARDED_AVAILABILITY = YES_AGGRESSIVE;
				CLANG_WARN_UNREACHABLE_CODE = YES;
				CLANG_WARN__DUPLICATE_METHOD_MATCH = YES;
				COPY_PHASE_STRIP = NO;
				DEBUG_INFORMATION_FORMAT = "dwarf-with-dsym";
				ENABLE_NS_ASSERTIONS = NO;
				ENABLE_STRICT_OBJC_MSGSEND = YES;
				GCC_C_LANGUAGE_STANDARD = gnu11;
				GCC_NO_COMMON_BLOCKS = YES;
				GCC_WARN_64_TO_32_BIT_CONVERSION = YES;
				GCC_WARN_ABOUT_RETURN_TYPE = YES_ERROR;
				GCC_WARN_UNDECLARED_SELECTOR = YES;
				GCC_WARN_UNINITIALIZED_AUTOS = YES_AGGRESSIVE;
				GCC_WARN_UNUSED_FUNCTION = YES;
				GCC_WARN_UNUSED_VARIABLE = YES;
				IPHONEOS_DEPLOYMENT_TARGET = 14.4;
				MTL_ENABLE_DEBUG_INFO = NO;
				MTL_FAST_MATH = YES;
				SDKROOT = iphoneos;
				SWIFT_COMPILATION_MODE = wholemodule;
				SWIFT_OPTIMIZATION_LEVEL = "-O";
				VALIDATE_PRODUCT = YES;
			};
			name = Release;
		};
		23816BFD26189FE7006CDC73 /* Debug */ = {
			isa = XCBuildConfiguration;
			buildSettings = {
				ASSETCATALOG_COMPILER_APPICON_NAME = AppIcon;
				ASSETCATALOG_COMPILER_GLOBAL_ACCENT_COLOR_NAME = AccentColor;
				CODE_SIGN_STYLE = Automatic;
				DEVELOPMENT_TEAM = YJ5QP936CK;
				INFOPLIST_FILE = RandomUserGenerator/Info.plist;
				LD_RUNPATH_SEARCH_PATHS = (
					"$(inherited)",
					"@executable_path/Frameworks",
				);
				PRODUCT_BUNDLE_IDENTIFIER = "Blashko-Maksim.RandomUserGenerator";
				PRODUCT_NAME = "$(TARGET_NAME)";
				SWIFT_VERSION = 5.0;
				TARGETED_DEVICE_FAMILY = "1,2";
			};
			name = Debug;
		};
		23816BFE26189FE7006CDC73 /* Release */ = {
			isa = XCBuildConfiguration;
			buildSettings = {
				ASSETCATALOG_COMPILER_APPICON_NAME = AppIcon;
				ASSETCATALOG_COMPILER_GLOBAL_ACCENT_COLOR_NAME = AccentColor;
				CODE_SIGN_STYLE = Automatic;
				DEVELOPMENT_TEAM = YJ5QP936CK;
				INFOPLIST_FILE = RandomUserGenerator/Info.plist;
				LD_RUNPATH_SEARCH_PATHS = (
					"$(inherited)",
					"@executable_path/Frameworks",
				);
				PRODUCT_BUNDLE_IDENTIFIER = "Blashko-Maksim.RandomUserGenerator";
				PRODUCT_NAME = "$(TARGET_NAME)";
				SWIFT_VERSION = 5.0;
				TARGETED_DEVICE_FAMILY = "1,2";
			};
			name = Release;
		};
/* End XCBuildConfiguration section */

/* Begin XCConfigurationList section */
		23816BE326189FE4006CDC73 /* Build configuration list for PBXProject "RandomUserGenerator" */ = {
			isa = XCConfigurationList;
			buildConfigurations = (
				23816BFA26189FE7006CDC73 /* Debug */,
				23816BFB26189FE7006CDC73 /* Release */,
			);
			defaultConfigurationIsVisible = 0;
			defaultConfigurationName = Release;
		};
		23816BFC26189FE7006CDC73 /* Build configuration list for PBXNativeTarget "RandomUserGenerator" */ = {
			isa = XCConfigurationList;
			buildConfigurations = (
				23816BFD26189FE7006CDC73 /* Debug */,
				23816BFE26189FE7006CDC73 /* Release */,
			);
			defaultConfigurationIsVisible = 0;
			defaultConfigurationName = Release;
		};
/* End XCConfigurationList section */
	};
	rootObject = 23816BE026189FE4006CDC73 /* Project object */;
}
